// !$*UTF8*$!
{
	archiveVersion = 1;
	classes = {
	};
	objectVersion = 50;
	objects = {

/* Begin PBXBuildFile section */
		1E2C0AC4231525BB0034801A /* AddFoodScheduleViewController.swift in Sources */ = {isa = PBXBuildFile; fileRef = 1E2C0AC3231525BB0034801A /* AddFoodScheduleViewController.swift */; };
		1E2C0AC6231525C80034801A /* AddGroomingScheduleViewController.swift in Sources */ = {isa = PBXBuildFile; fileRef = 1E2C0AC5231525C80034801A /* AddGroomingScheduleViewController.swift */; };
		1E2C0AC8231525D30034801A /* AddCheckUpScheduleViewController.swift in Sources */ = {isa = PBXBuildFile; fileRef = 1E2C0AC7231525D30034801A /* AddCheckUpScheduleViewController.swift */; };
		1EACEC052314E4C900D88164 /* PhotoSlide.swift in Sources */ = {isa = PBXBuildFile; fileRef = 1EACEC042314E4C900D88164 /* PhotoSlide.swift */; };
		1EACEC072314E4FC00D88164 /* PhotoSlide.xib in Resources */ = {isa = PBXBuildFile; fileRef = 1EACEC062314E4FC00D88164 /* PhotoSlide.xib */; };
		8AFFC09F230F9767004E84A7 /* TrainDetailViewController.swift in Sources */ = {isa = PBXBuildFile; fileRef = 8AFFC09E230F9767004E84A7 /* TrainDetailViewController.swift */; };
		8AFFC0A3231CC330004E84A7 /* AddWeightViewController.swift in Sources */ = {isa = PBXBuildFile; fileRef = 8AFFC0A2231CC330004E84A7 /* AddWeightViewController.swift */; };
		8AFFC0A6231E0DDA004E84A7 /* TabBar.storyboard in Resources */ = {isa = PBXBuildFile; fileRef = 8AFFC0A4231E0DDA004E84A7 /* TabBar.storyboard */; };
		9211A1F0230EFB6500614EED /* Onboarding.storyboard in Resources */ = {isa = PBXBuildFile; fileRef = 9211A1EF230EFB6500614EED /* Onboarding.storyboard */; };
		9211A1FC230EFCA800614EED /* Health.storyboard in Resources */ = {isa = PBXBuildFile; fileRef = 9211A1FB230EFCA800614EED /* Health.storyboard */; };
		9211A203230F002700614EED /* LaunchScreen.storyboard in Resources */ = {isa = PBXBuildFile; fileRef = 9211A1FF230F002700614EED /* LaunchScreen.storyboard */; };
		9211A204230F002700614EED /* Main.storyboard in Resources */ = {isa = PBXBuildFile; fileRef = 9211A201230F002700614EED /* Main.storyboard */; };
		9211A209230F010400614EED /* Train.storyboard in Resources */ = {isa = PBXBuildFile; fileRef = 9211A208230F010400614EED /* Train.storyboard */; };
		9211A214230F034C00614EED /* Dashboard.storyboard in Resources */ = {isa = PBXBuildFile; fileRef = 9211A213230F034C00614EED /* Dashboard.storyboard */; };
		9211A216230F885700614EED /* SlideView.xib in Resources */ = {isa = PBXBuildFile; fileRef = C524EFC5230CFD9B00EAE665 /* SlideView.xib */; };
		9211A275231389B700614EED /* DogChartData.swift in Sources */ = {isa = PBXBuildFile; fileRef = 9211A274231389B700614EED /* DogChartData.swift */; };
		9211A277231389D500614EED /* CustomSegments.swift in Sources */ = {isa = PBXBuildFile; fileRef = 9211A276231389D500614EED /* CustomSegments.swift */; };
		9211A279231389E500614EED /* UIBezierPathExtension.swift in Sources */ = {isa = PBXBuildFile; fileRef = 9211A278231389E500614EED /* UIBezierPathExtension.swift */; };
		9211A27B231389F400614EED /* CALayerExtension.swift in Sources */ = {isa = PBXBuildFile; fileRef = 9211A27A231389F400614EED /* CALayerExtension.swift */; };
		9211A27D23138A0300614EED /* ArrayExtension.swift in Sources */ = {isa = PBXBuildFile; fileRef = 9211A27C23138A0300614EED /* ArrayExtension.swift */; };
		9211A27F23138A0F00614EED /* ChartView.swift in Sources */ = {isa = PBXBuildFile; fileRef = 9211A27E23138A0F00614EED /* ChartView.swift */; };
		9211A28123138A2900614EED /* ChartPresenter.swift in Sources */ = {isa = PBXBuildFile; fileRef = 9211A28023138A2900614EED /* ChartPresenter.swift */; };
		9211A28323138A3B00614EED /* ChartData.swift in Sources */ = {isa = PBXBuildFile; fileRef = 9211A28223138A3B00614EED /* ChartData.swift */; };
		9211A289231CFEB400614EED /* GlobalVariable.swift in Sources */ = {isa = PBXBuildFile; fileRef = 9211A288231CFEB400614EED /* GlobalVariable.swift */; };
		C524EFC2230CFD6900EAE665 /* OnboardingViewController.swift in Sources */ = {isa = PBXBuildFile; fileRef = C524EFC1230CFD6900EAE665 /* OnboardingViewController.swift */; };
		C524EFC4230CFD8E00EAE665 /* Slide.swift in Sources */ = {isa = PBXBuildFile; fileRef = C524EFC3230CFD8E00EAE665 /* Slide.swift */; };
		E69E84EB2313CABC008D3037 /* breedSlide.swift in Sources */ = {isa = PBXBuildFile; fileRef = E69E84EA2313CABC008D3037 /* breedSlide.swift */; };
		E69E84ED2313CAED008D3037 /* breedSlideView.xib in Resources */ = {isa = PBXBuildFile; fileRef = E69E84EC2313CAED008D3037 /* breedSlideView.xib */; };
		E69E84EF231507CB008D3037 /* Assets.xcassets in Resources */ = {isa = PBXBuildFile; fileRef = E69E84EE231507CB008D3037 /* Assets.xcassets */; };
		E69E84F723151648008D3037 /* NotificationData.swift in Sources */ = {isa = PBXBuildFile; fileRef = E69E84F623151648008D3037 /* NotificationData.swift */; };
		E69E84F92315229F008D3037 /* Food.storyboard in Resources */ = {isa = PBXBuildFile; fileRef = E69E84F82315229F008D3037 /* Food.storyboard */; };
		E69E84FB23152301008D3037 /* Weight.storyboard in Resources */ = {isa = PBXBuildFile; fileRef = E69E84FA23152301008D3037 /* Weight.storyboard */; };
		E69E84FD23152315008D3037 /* Groom.storyboard in Resources */ = {isa = PBXBuildFile; fileRef = E69E84FC23152315008D3037 /* Groom.storyboard */; };
		E69E84FF23152333008D3037 /* VetCheck.storyboard in Resources */ = {isa = PBXBuildFile; fileRef = E69E84FE23152333008D3037 /* VetCheck.storyboard */; };
		E6F2899C230B878600784315 /* AppDelegate.swift in Sources */ = {isa = PBXBuildFile; fileRef = E6F2899B230B878600784315 /* AppDelegate.swift */; };
		E6F289A4230B878600784315 /* doggo.xcdatamodeld in Sources */ = {isa = PBXBuildFile; fileRef = E6F289A2230B878600784315 /* doggo.xcdatamodeld */; };
		E6F289B6230BD3DE00784315 /* DashboardViewController.swift in Sources */ = {isa = PBXBuildFile; fileRef = E6F289B5230BD3DE00784315 /* DashboardViewController.swift */; };
		E6F289B8230BD3ED00784315 /* HealthViewController.swift in Sources */ = {isa = PBXBuildFile; fileRef = E6F289B7230BD3ED00784315 /* HealthViewController.swift */; };
		E6F289BA230BD3FB00784315 /* TrainViewController.swift in Sources */ = {isa = PBXBuildFile; fileRef = E6F289B9230BD3FB00784315 /* TrainViewController.swift */; };
		E6F289BC230BD41000784315 /* RegisterViewController.swift in Sources */ = {isa = PBXBuildFile; fileRef = E6F289BB230BD41000784315 /* RegisterViewController.swift */; };
		E6F289BE230BD4D000784315 /* ChooseBreedViewController.swift in Sources */ = {isa = PBXBuildFile; fileRef = E6F289BD230BD4D000784315 /* ChooseBreedViewController.swift */; };
		E6F289C0230BD4F100784315 /* AddNewDogViewController.swift in Sources */ = {isa = PBXBuildFile; fileRef = E6F289BF230BD4F100784315 /* AddNewDogViewController.swift */; };
		E6F289C2230BD52100784315 /* FoodViewController.swift in Sources */ = {isa = PBXBuildFile; fileRef = E6F289C1230BD52100784315 /* FoodViewController.swift */; };
		E6F289C4230BD52700784315 /* WeightViewController.swift in Sources */ = {isa = PBXBuildFile; fileRef = E6F289C3230BD52700784315 /* WeightViewController.swift */; };
		E6F289C6230BD53000784315 /* GroomViewController.swift in Sources */ = {isa = PBXBuildFile; fileRef = E6F289C5230BD53000784315 /* GroomViewController.swift */; };
		E6F289C8230BD54D00784315 /* CheckUpViewController.swift in Sources */ = {isa = PBXBuildFile; fileRef = E6F289C7230BD54D00784315 /* CheckUpViewController.swift */; };
		E6F289CC230BDC9A00784315 /* DogModel.swift in Sources */ = {isa = PBXBuildFile; fileRef = E6F289CB230BDC9A00784315 /* DogModel.swift */; };
		E6F289CE230BDCA700784315 /* WeightModel.swift in Sources */ = {isa = PBXBuildFile; fileRef = E6F289CD230BDCA700784315 /* WeightModel.swift */; };
		E6F289D0230BDCAF00784315 /* FoodModel.swift in Sources */ = {isa = PBXBuildFile; fileRef = E6F289CF230BDCAF00784315 /* FoodModel.swift */; };
		E6F289D2230BDCB700784315 /* CheckUpModel.swift in Sources */ = {isa = PBXBuildFile; fileRef = E6F289D1230BDCB700784315 /* CheckUpModel.swift */; };
		E6F289D4230BDCC300784315 /* TrainModel.swift in Sources */ = {isa = PBXBuildFile; fileRef = E6F289D3230BDCC300784315 /* TrainModel.swift */; };
		E6F289D6230BDCD600784315 /* CoreDataHelper.swift in Sources */ = {isa = PBXBuildFile; fileRef = E6F289D5230BDCD600784315 /* CoreDataHelper.swift */; };
		E6F289D8230BDCEA00784315 /* VideoHelper.swift in Sources */ = {isa = PBXBuildFile; fileRef = E6F289D7230BDCEA00784315 /* VideoHelper.swift */; };
		E6F289DA230BDD1C00784315 /* NotificationHelper.swift in Sources */ = {isa = PBXBuildFile; fileRef = E6F289D9230BDD1C00784315 /* NotificationHelper.swift */; };
/* End PBXBuildFile section */

/* Begin PBXFileReference section */
		1E2C0AC3231525BB0034801A /* AddFoodScheduleViewController.swift */ = {isa = PBXFileReference; lastKnownFileType = sourcecode.swift; path = AddFoodScheduleViewController.swift; sourceTree = "<group>"; };
		1E2C0AC5231525C80034801A /* AddGroomingScheduleViewController.swift */ = {isa = PBXFileReference; lastKnownFileType = sourcecode.swift; path = AddGroomingScheduleViewController.swift; sourceTree = "<group>"; };
		1E2C0AC7231525D30034801A /* AddCheckUpScheduleViewController.swift */ = {isa = PBXFileReference; lastKnownFileType = sourcecode.swift; path = AddCheckUpScheduleViewController.swift; sourceTree = "<group>"; };
		1EACEC042314E4C900D88164 /* PhotoSlide.swift */ = {isa = PBXFileReference; lastKnownFileType = sourcecode.swift; path = PhotoSlide.swift; sourceTree = "<group>"; };
		1EACEC062314E4FC00D88164 /* PhotoSlide.xib */ = {isa = PBXFileReference; lastKnownFileType = file.xib; path = PhotoSlide.xib; sourceTree = "<group>"; };
		8AFFC09E230F9767004E84A7 /* TrainDetailViewController.swift */ = {isa = PBXFileReference; lastKnownFileType = sourcecode.swift; path = TrainDetailViewController.swift; sourceTree = "<group>"; };
		8AFFC0A2231CC330004E84A7 /* AddWeightViewController.swift */ = {isa = PBXFileReference; lastKnownFileType = sourcecode.swift; path = AddWeightViewController.swift; sourceTree = "<group>"; };
		8AFFC0A5231E0DDA004E84A7 /* Base */ = {isa = PBXFileReference; lastKnownFileType = file.storyboard; name = Base; path = doggo/Storyboard/Base.lproj/TabBar.storyboard; sourceTree = "<group>"; };
		9211A1EF230EFB6500614EED /* Onboarding.storyboard */ = {isa = PBXFileReference; lastKnownFileType = file.storyboard; path = Onboarding.storyboard; sourceTree = "<group>"; };
		9211A1FB230EFCA800614EED /* Health.storyboard */ = {isa = PBXFileReference; fileEncoding = 4; lastKnownFileType = file.storyboard; path = Health.storyboard; sourceTree = "<group>"; };
		9211A200230F002700614EED /* Base */ = {isa = PBXFileReference; lastKnownFileType = file.storyboard; name = Base; path = Base.lproj/LaunchScreen.storyboard; sourceTree = "<group>"; };
		9211A202230F002700614EED /* Base */ = {isa = PBXFileReference; lastKnownFileType = file.storyboard; name = Base; path = Base.lproj/Main.storyboard; sourceTree = "<group>"; };
		9211A208230F010400614EED /* Train.storyboard */ = {isa = PBXFileReference; fileEncoding = 4; lastKnownFileType = file.storyboard; path = Train.storyboard; sourceTree = "<group>"; };
		9211A213230F034C00614EED /* Dashboard.storyboard */ = {isa = PBXFileReference; fileEncoding = 4; lastKnownFileType = file.storyboard; path = Dashboard.storyboard; sourceTree = "<group>"; };
		9211A274231389B700614EED /* DogChartData.swift */ = {isa = PBXFileReference; lastKnownFileType = sourcecode.swift; path = DogChartData.swift; sourceTree = "<group>"; };
		9211A276231389D500614EED /* CustomSegments.swift */ = {isa = PBXFileReference; lastKnownFileType = sourcecode.swift; path = CustomSegments.swift; sourceTree = "<group>"; };
		9211A278231389E500614EED /* UIBezierPathExtension.swift */ = {isa = PBXFileReference; lastKnownFileType = sourcecode.swift; path = UIBezierPathExtension.swift; sourceTree = "<group>"; };
		9211A27A231389F400614EED /* CALayerExtension.swift */ = {isa = PBXFileReference; lastKnownFileType = sourcecode.swift; path = CALayerExtension.swift; sourceTree = "<group>"; };
		9211A27C23138A0300614EED /* ArrayExtension.swift */ = {isa = PBXFileReference; lastKnownFileType = sourcecode.swift; path = ArrayExtension.swift; sourceTree = "<group>"; };
		9211A27E23138A0F00614EED /* ChartView.swift */ = {isa = PBXFileReference; lastKnownFileType = sourcecode.swift; path = ChartView.swift; sourceTree = "<group>"; };
		9211A28023138A2900614EED /* ChartPresenter.swift */ = {isa = PBXFileReference; lastKnownFileType = sourcecode.swift; path = ChartPresenter.swift; sourceTree = "<group>"; };
		9211A28223138A3B00614EED /* ChartData.swift */ = {isa = PBXFileReference; lastKnownFileType = sourcecode.swift; path = ChartData.swift; sourceTree = "<group>"; };
		9211A288231CFEB400614EED /* GlobalVariable.swift */ = {isa = PBXFileReference; lastKnownFileType = sourcecode.swift; path = GlobalVariable.swift; sourceTree = "<group>"; };
		C524EFC1230CFD6900EAE665 /* OnboardingViewController.swift */ = {isa = PBXFileReference; lastKnownFileType = sourcecode.swift; path = OnboardingViewController.swift; sourceTree = "<group>"; };
		C524EFC3230CFD8E00EAE665 /* Slide.swift */ = {isa = PBXFileReference; lastKnownFileType = sourcecode.swift; path = Slide.swift; sourceTree = "<group>"; };
		C524EFC5230CFD9B00EAE665 /* SlideView.xib */ = {isa = PBXFileReference; lastKnownFileType = file.xib; path = SlideView.xib; sourceTree = "<group>"; };
		E69E84EA2313CABC008D3037 /* breedSlide.swift */ = {isa = PBXFileReference; lastKnownFileType = sourcecode.swift; path = breedSlide.swift; sourceTree = "<group>"; };
		E69E84EC2313CAED008D3037 /* breedSlideView.xib */ = {isa = PBXFileReference; lastKnownFileType = file.xib; path = breedSlideView.xib; sourceTree = "<group>"; };
		E69E84EE231507CB008D3037 /* Assets.xcassets */ = {isa = PBXFileReference; lastKnownFileType = folder.assetcatalog; path = Assets.xcassets; sourceTree = "<group>"; };
		E69E84F623151648008D3037 /* NotificationData.swift */ = {isa = PBXFileReference; fileEncoding = 4; lastKnownFileType = sourcecode.swift; path = NotificationData.swift; sourceTree = "<group>"; };
		E69E84F82315229F008D3037 /* Food.storyboard */ = {isa = PBXFileReference; fileEncoding = 4; lastKnownFileType = file.storyboard; path = Food.storyboard; sourceTree = "<group>"; };
		E69E84FA23152301008D3037 /* Weight.storyboard */ = {isa = PBXFileReference; fileEncoding = 4; lastKnownFileType = file.storyboard; path = Weight.storyboard; sourceTree = "<group>"; };
		E69E84FC23152315008D3037 /* Groom.storyboard */ = {isa = PBXFileReference; fileEncoding = 4; lastKnownFileType = file.storyboard; path = Groom.storyboard; sourceTree = "<group>"; };
		E69E84FE23152333008D3037 /* VetCheck.storyboard */ = {isa = PBXFileReference; fileEncoding = 4; lastKnownFileType = file.storyboard; path = VetCheck.storyboard; sourceTree = "<group>"; };
		E6F28998230B878600784315 /* doggo.app */ = {isa = PBXFileReference; explicitFileType = wrapper.application; includeInIndex = 0; path = doggo.app; sourceTree = BUILT_PRODUCTS_DIR; };
		E6F2899B230B878600784315 /* AppDelegate.swift */ = {isa = PBXFileReference; lastKnownFileType = sourcecode.swift; path = AppDelegate.swift; sourceTree = "<group>"; };
		E6F289A3230B878600784315 /* doggo.xcdatamodel */ = {isa = PBXFileReference; lastKnownFileType = wrapper.xcdatamodel; path = doggo.xcdatamodel; sourceTree = "<group>"; };
		E6F289AA230B878700784315 /* Info.plist */ = {isa = PBXFileReference; lastKnownFileType = text.plist.xml; path = Info.plist; sourceTree = "<group>"; };
		E6F289B5230BD3DE00784315 /* DashboardViewController.swift */ = {isa = PBXFileReference; lastKnownFileType = sourcecode.swift; path = DashboardViewController.swift; sourceTree = "<group>"; };
		E6F289B7230BD3ED00784315 /* HealthViewController.swift */ = {isa = PBXFileReference; lastKnownFileType = sourcecode.swift; path = HealthViewController.swift; sourceTree = "<group>"; };
		E6F289B9230BD3FB00784315 /* TrainViewController.swift */ = {isa = PBXFileReference; lastKnownFileType = sourcecode.swift; path = TrainViewController.swift; sourceTree = "<group>"; };
		E6F289BB230BD41000784315 /* RegisterViewController.swift */ = {isa = PBXFileReference; lastKnownFileType = sourcecode.swift; path = RegisterViewController.swift; sourceTree = "<group>"; };
		E6F289BD230BD4D000784315 /* ChooseBreedViewController.swift */ = {isa = PBXFileReference; lastKnownFileType = sourcecode.swift; path = ChooseBreedViewController.swift; sourceTree = "<group>"; };
		E6F289BF230BD4F100784315 /* AddNewDogViewController.swift */ = {isa = PBXFileReference; lastKnownFileType = sourcecode.swift; path = AddNewDogViewController.swift; sourceTree = "<group>"; };
		E6F289C1230BD52100784315 /* FoodViewController.swift */ = {isa = PBXFileReference; lastKnownFileType = sourcecode.swift; path = FoodViewController.swift; sourceTree = "<group>"; };
		E6F289C3230BD52700784315 /* WeightViewController.swift */ = {isa = PBXFileReference; lastKnownFileType = sourcecode.swift; path = WeightViewController.swift; sourceTree = "<group>"; };
		E6F289C5230BD53000784315 /* GroomViewController.swift */ = {isa = PBXFileReference; lastKnownFileType = sourcecode.swift; path = GroomViewController.swift; sourceTree = "<group>"; };
		E6F289C7230BD54D00784315 /* CheckUpViewController.swift */ = {isa = PBXFileReference; lastKnownFileType = sourcecode.swift; path = CheckUpViewController.swift; sourceTree = "<group>"; };
		E6F289CB230BDC9A00784315 /* DogModel.swift */ = {isa = PBXFileReference; lastKnownFileType = sourcecode.swift; path = DogModel.swift; sourceTree = "<group>"; };
		E6F289CD230BDCA700784315 /* WeightModel.swift */ = {isa = PBXFileReference; lastKnownFileType = sourcecode.swift; path = WeightModel.swift; sourceTree = "<group>"; };
		E6F289CF230BDCAF00784315 /* FoodModel.swift */ = {isa = PBXFileReference; lastKnownFileType = sourcecode.swift; path = FoodModel.swift; sourceTree = "<group>"; };
		E6F289D1230BDCB700784315 /* CheckUpModel.swift */ = {isa = PBXFileReference; lastKnownFileType = sourcecode.swift; path = CheckUpModel.swift; sourceTree = "<group>"; };
		E6F289D3230BDCC300784315 /* TrainModel.swift */ = {isa = PBXFileReference; lastKnownFileType = sourcecode.swift; path = TrainModel.swift; sourceTree = "<group>"; };
		E6F289D5230BDCD600784315 /* CoreDataHelper.swift */ = {isa = PBXFileReference; lastKnownFileType = sourcecode.swift; path = CoreDataHelper.swift; sourceTree = "<group>"; };
		E6F289D7230BDCEA00784315 /* VideoHelper.swift */ = {isa = PBXFileReference; lastKnownFileType = sourcecode.swift; path = VideoHelper.swift; sourceTree = "<group>"; };
		E6F289D9230BDD1C00784315 /* NotificationHelper.swift */ = {isa = PBXFileReference; lastKnownFileType = sourcecode.swift; path = NotificationHelper.swift; sourceTree = "<group>"; };
/* End PBXFileReference section */

/* Begin PBXFrameworksBuildPhase section */
		E6F28995230B878600784315 /* Frameworks */ = {
			isa = PBXFrameworksBuildPhase;
			buildActionMask = 2147483647;
			files = (
			);
			runOnlyForDeploymentPostprocessing = 0;
		};
/* End PBXFrameworksBuildPhase section */

/* Begin PBXGroup section */
		E6F2898F230B878600784315 = {
			isa = PBXGroup;
			children = (
				E6F2899A230B878600784315 /* doggo */,
				E6F28999230B878600784315 /* Products */,
			);
			sourceTree = "<group>";
		};
		E6F28999230B878600784315 /* Products */ = {
			isa = PBXGroup;
			children = (
				E6F28998230B878600784315 /* doggo.app */,
			);
			name = Products;
			sourceTree = "<group>";
		};
		E6F2899A230B878600784315 /* doggo */ = {
			isa = PBXGroup;
			children = (
				E6F289B4230BCF8300784315 /* Storyboard */,
				E6F289B3230BCF7600784315 /* Helper */,
				E6F289B2230BCF6100784315 /* Controller */,
				E6F289B0230BCF1D00784315 /* Model */,
				E6F2899B230B878600784315 /* AppDelegate.swift */,
				9211A288231CFEB400614EED /* GlobalVariable.swift */,
				E6F289AA230B878700784315 /* Info.plist */,
				E6F289A2230B878600784315 /* doggo.xcdatamodeld */,
				E69E84EE231507CB008D3037 /* Assets.xcassets */,
			);
			path = doggo;
			sourceTree = "<group>";
		};
		E6F289B0230BCF1D00784315 /* Model */ = {
			isa = PBXGroup;
			children = (
				E6F289CB230BDC9A00784315 /* DogModel.swift */,
				E6F289CD230BDCA700784315 /* WeightModel.swift */,
				E6F289CF230BDCAF00784315 /* FoodModel.swift */,
				E6F289D1230BDCB700784315 /* CheckUpModel.swift */,
				E6F289D3230BDCC300784315 /* TrainModel.swift */,
			);
			path = Model;
			sourceTree = "<group>";
		};
		E6F289B2230BCF6100784315 /* Controller */ = {
			isa = PBXGroup;
			children = (
				1EACEC042314E4C900D88164 /* PhotoSlide.swift */,
				1EACEC062314E4FC00D88164 /* PhotoSlide.xib */,
				E6F289B5230BD3DE00784315 /* DashboardViewController.swift */,
				E6F289B7230BD3ED00784315 /* HealthViewController.swift */,
				E6F289B9230BD3FB00784315 /* TrainViewController.swift */,
				8AFFC09E230F9767004E84A7 /* TrainDetailViewController.swift */,
				E6F289BB230BD41000784315 /* RegisterViewController.swift */,
				E6F289BD230BD4D000784315 /* ChooseBreedViewController.swift */,
				E6F289C1230BD52100784315 /* FoodViewController.swift */,
				E6F289C3230BD52700784315 /* WeightViewController.swift */,
				E6F289C5230BD53000784315 /* GroomViewController.swift */,
				E6F289C7230BD54D00784315 /* CheckUpViewController.swift */,
				C524EFC1230CFD6900EAE665 /* OnboardingViewController.swift */,
				E69E84EA2313CABC008D3037 /* breedSlide.swift */,
				C524EFC3230CFD8E00EAE665 /* Slide.swift */,
				E6F289BF230BD4F100784315 /* AddNewDogViewController.swift */,
				C524EFC5230CFD9B00EAE665 /* SlideView.xib */,
				E69E84EC2313CAED008D3037 /* breedSlideView.xib */,
				1E2C0AC3231525BB0034801A /* AddFoodScheduleViewController.swift */,
				1E2C0AC5231525C80034801A /* AddGroomingScheduleViewController.swift */,
				1E2C0AC7231525D30034801A /* AddCheckUpScheduleViewController.swift */,
				8AFFC0A2231CC330004E84A7 /* AddWeightViewController.swift */,
			);
			path = Controller;
			sourceTree = "<group>";
		};
		E6F289B3230BCF7600784315 /* Helper */ = {
			isa = PBXGroup;
			children = (
				E6F289D5230BDCD600784315 /* CoreDataHelper.swift */,
				E6F289D7230BDCEA00784315 /* VideoHelper.swift */,
				E6F289D9230BDD1C00784315 /* NotificationHelper.swift */,
				E69E84F623151648008D3037 /* NotificationData.swift */,
				9211A274231389B700614EED /* DogChartData.swift */,
				9211A276231389D500614EED /* CustomSegments.swift */,
				9211A278231389E500614EED /* UIBezierPathExtension.swift */,
				9211A27A231389F400614EED /* CALayerExtension.swift */,
				9211A27C23138A0300614EED /* ArrayExtension.swift */,
				9211A27E23138A0F00614EED /* ChartView.swift */,
				9211A28023138A2900614EED /* ChartPresenter.swift */,
				9211A28223138A3B00614EED /* ChartData.swift */,
			);
			path = Helper;
			sourceTree = "<group>";
		};
		E6F289B4230BCF8300784315 /* Storyboard */ = {
			isa = PBXGroup;
			children = (
				9211A213230F034C00614EED /* Dashboard.storyboard */,
				9211A1FF230F002700614EED /* LaunchScreen.storyboard */,
				8AFFC0A4231E0DDA004E84A7 /* TabBar.storyboard */,
				9211A208230F010400614EED /* Train.storyboard */,
				9211A201230F002700614EED /* Main.storyboard */,
				9211A1FB230EFCA800614EED /* Health.storyboard */,
				E69E84FE23152333008D3037 /* VetCheck.storyboard */,
				E69E84FC23152315008D3037 /* Groom.storyboard */,
				E69E84FA23152301008D3037 /* Weight.storyboard */,
				E69E84F82315229F008D3037 /* Food.storyboard */,
				9211A1EF230EFB6500614EED /* Onboarding.storyboard */,
			);
			path = Storyboard;
			sourceTree = "<group>";
		};
/* End PBXGroup section */

/* Begin PBXNativeTarget section */
		E6F28997230B878600784315 /* doggo */ = {
			isa = PBXNativeTarget;
			buildConfigurationList = E6F289AD230B878700784315 /* Build configuration list for PBXNativeTarget "doggo" */;
			buildPhases = (
				E6F28994230B878600784315 /* Sources */,
				E6F28995230B878600784315 /* Frameworks */,
				E6F28996230B878600784315 /* Resources */,
			);
			buildRules = (
			);
			dependencies = (
			);
			name = doggo;
			productName = doggo;
			productReference = E6F28998230B878600784315 /* doggo.app */;
			productType = "com.apple.product-type.application";
		};
/* End PBXNativeTarget section */

/* Begin PBXProject section */
		E6F28990230B878600784315 /* Project object */ = {
			isa = PBXProject;
			attributes = {
				LastSwiftUpdateCheck = 1020;
				LastUpgradeCheck = 1020;
				ORGANIZATIONNAME = "agnes pricilia";
				TargetAttributes = {
					E6F28997230B878600784315 = {
						CreatedOnToolsVersion = 10.2.1;
					};
				};
			};
			buildConfigurationList = E6F28993230B878600784315 /* Build configuration list for PBXProject "doggo" */;
			compatibilityVersion = "Xcode 9.3";
			developmentRegion = en;
			hasScannedForEncodings = 0;
			knownRegions = (
				en,
				Base,
			);
			mainGroup = E6F2898F230B878600784315;
			productRefGroup = E6F28999230B878600784315 /* Products */;
			projectDirPath = "";
			projectRoot = "";
			targets = (
				E6F28997230B878600784315 /* doggo */,
			);
		};
/* End PBXProject section */

/* Begin PBXResourcesBuildPhase section */
		E6F28996230B878600784315 /* Resources */ = {
			isa = PBXResourcesBuildPhase;
			buildActionMask = 2147483647;
			files = (
				9211A204230F002700614EED /* Main.storyboard in Resources */,
				E69E84FD23152315008D3037 /* Groom.storyboard in Resources */,
				9211A1F0230EFB6500614EED /* Onboarding.storyboard in Resources */,
				9211A214230F034C00614EED /* Dashboard.storyboard in Resources */,
				8AFFC0A6231E0DDA004E84A7 /* TabBar.storyboard in Resources */,
				E69E84FF23152333008D3037 /* VetCheck.storyboard in Resources */,
				E69E84ED2313CAED008D3037 /* breedSlideView.xib in Resources */,
				9211A214230F034C00614EED /* Dashboard.storyboard in Resources */,
				9211A1FC230EFCA800614EED /* Health.storyboard in Resources */,
				E69E84F92315229F008D3037 /* Food.storyboard in Resources */,
				9211A203230F002700614EED /* LaunchScreen.storyboard in Resources */,
				9211A216230F885700614EED /* SlideView.xib in Resources */,
				9211A209230F010400614EED /* Train.storyboard in Resources */,
				E69E84EF231507CB008D3037 /* Assets.xcassets in Resources */,
				E69E84FB23152301008D3037 /* Weight.storyboard in Resources */,
				1EACEC072314E4FC00D88164 /* PhotoSlide.xib in Resources */,
			);
			runOnlyForDeploymentPostprocessing = 0;
		};
/* End PBXResourcesBuildPhase section */

/* Begin PBXSourcesBuildPhase section */
		E6F28994230B878600784315 /* Sources */ = {
			isa = PBXSourcesBuildPhase;
			buildActionMask = 2147483647;
			files = (
				E6F289D2230BDCB700784315 /* CheckUpModel.swift in Sources */,
				C524EFC4230CFD8E00EAE665 /* Slide.swift in Sources */,
				9211A279231389E500614EED /* UIBezierPathExtension.swift in Sources */,
				9211A27F23138A0F00614EED /* ChartView.swift in Sources */,
				E6F289CE230BDCA700784315 /* WeightModel.swift in Sources */,
				E6F289D8230BDCEA00784315 /* VideoHelper.swift in Sources */,
				E6F289A4230B878600784315 /* doggo.xcdatamodeld in Sources */,
				E6F289BC230BD41000784315 /* RegisterViewController.swift in Sources */,
				9211A27B231389F400614EED /* CALayerExtension.swift in Sources */,
				E6F289DA230BDD1C00784315 /* NotificationHelper.swift in Sources */,
				E6F2899C230B878600784315 /* AppDelegate.swift in Sources */,
				9211A289231CFEB400614EED /* GlobalVariable.swift in Sources */,
				E6F289BE230BD4D000784315 /* ChooseBreedViewController.swift in Sources */,
				E6F289C0230BD4F100784315 /* AddNewDogViewController.swift in Sources */,
				E6F289C2230BD52100784315 /* FoodViewController.swift in Sources */,
				E69E84F723151648008D3037 /* NotificationData.swift in Sources */,
				E6F289C6230BD53000784315 /* GroomViewController.swift in Sources */,
				E6F289CC230BDC9A00784315 /* DogModel.swift in Sources */,
				9211A28323138A3B00614EED /* ChartData.swift in Sources */,
				E6F289C4230BD52700784315 /* WeightViewController.swift in Sources */,
				E6F289C8230BD54D00784315 /* CheckUpViewController.swift in Sources */,
				E69E84EB2313CABC008D3037 /* breedSlide.swift in Sources */,
				E6F289D6230BDCD600784315 /* CoreDataHelper.swift in Sources */,
				8AFFC0A3231CC330004E84A7 /* AddWeightViewController.swift in Sources */,
				9211A277231389D500614EED /* CustomSegments.swift in Sources */,
				9211A275231389B700614EED /* DogChartData.swift in Sources */,
				1E2C0AC4231525BB0034801A /* AddFoodScheduleViewController.swift in Sources */,
				9211A28123138A2900614EED /* ChartPresenter.swift in Sources */,
				E6F289B6230BD3DE00784315 /* DashboardViewController.swift in Sources */,
				9211A27D23138A0300614EED /* ArrayExtension.swift in Sources */,
				E6F289D0230BDCAF00784315 /* FoodModel.swift in Sources */,
				E6F289B8230BD3ED00784315 /* HealthViewController.swift in Sources */,
				1E2C0AC8231525D30034801A /* AddCheckUpScheduleViewController.swift in Sources */,
				E6F289D4230BDCC300784315 /* TrainModel.swift in Sources */,
				E6F289BA230BD3FB00784315 /* TrainViewController.swift in Sources */,
				C524EFC2230CFD6900EAE665 /* OnboardingViewController.swift in Sources */,
				1E2C0AC6231525C80034801A /* AddGroomingScheduleViewController.swift in Sources */,
				1EACEC052314E4C900D88164 /* PhotoSlide.swift in Sources */,
				8AFFC09F230F9767004E84A7 /* TrainDetailViewController.swift in Sources */,
			);
			runOnlyForDeploymentPostprocessing = 0;
		};
/* End PBXSourcesBuildPhase section */

/* Begin PBXVariantGroup section */
		8AFFC0A4231E0DDA004E84A7 /* TabBar.storyboard */ = {
			isa = PBXVariantGroup;
			children = (
				8AFFC0A5231E0DDA004E84A7 /* Base */,
			);
			name = TabBar.storyboard;
			sourceTree = "<group>";
		};
		9211A1FF230F002700614EED /* LaunchScreen.storyboard */ = {
			isa = PBXVariantGroup;
			children = (
				9211A200230F002700614EED /* Base */,
			);
			name = LaunchScreen.storyboard;
			sourceTree = "<group>";
		};
		9211A201230F002700614EED /* Main.storyboard */ = {
			isa = PBXVariantGroup;
			children = (
				9211A202230F002700614EED /* Base */,
			);
			name = Main.storyboard;
			sourceTree = "<group>";
		};
/* End PBXVariantGroup section */

/* Begin XCBuildConfiguration section */
		E6F289AB230B878700784315 /* Debug */ = {
			isa = XCBuildConfiguration;
			buildSettings = {
				ALWAYS_SEARCH_USER_PATHS = NO;
				CLANG_ANALYZER_NONNULL = YES;
				CLANG_ANALYZER_NUMBER_OBJECT_CONVERSION = YES_AGGRESSIVE;
				CLANG_CXX_LANGUAGE_STANDARD = "gnu++14";
				CLANG_CXX_LIBRARY = "libc++";
				CLANG_ENABLE_MODULES = YES;
				CLANG_ENABLE_OBJC_ARC = YES;
				CLANG_ENABLE_OBJC_WEAK = YES;
				CLANG_WARN_BLOCK_CAPTURE_AUTORELEASING = YES;
				CLANG_WARN_BOOL_CONVERSION = YES;
				CLANG_WARN_COMMA = YES;
				CLANG_WARN_CONSTANT_CONVERSION = YES;
				CLANG_WARN_DEPRECATED_OBJC_IMPLEMENTATIONS = YES;
				CLANG_WARN_DIRECT_OBJC_ISA_USAGE = YES_ERROR;
				CLANG_WARN_DOCUMENTATION_COMMENTS = YES;
				CLANG_WARN_EMPTY_BODY = YES;
				CLANG_WARN_ENUM_CONVERSION = YES;
				CLANG_WARN_INFINITE_RECURSION = YES;
				CLANG_WARN_INT_CONVERSION = YES;
				CLANG_WARN_NON_LITERAL_NULL_CONVERSION = YES;
				CLANG_WARN_OBJC_IMPLICIT_RETAIN_SELF = YES;
				CLANG_WARN_OBJC_LITERAL_CONVERSION = YES;
				CLANG_WARN_OBJC_ROOT_CLASS = YES_ERROR;
				CLANG_WARN_RANGE_LOOP_ANALYSIS = YES;
				CLANG_WARN_STRICT_PROTOTYPES = YES;
				CLANG_WARN_SUSPICIOUS_MOVE = YES;
				CLANG_WARN_UNGUARDED_AVAILABILITY = YES_AGGRESSIVE;
				CLANG_WARN_UNREACHABLE_CODE = YES;
				CLANG_WARN__DUPLICATE_METHOD_MATCH = YES;
				CODE_SIGN_IDENTITY = "iPhone Developer";
				COPY_PHASE_STRIP = NO;
				DEBUG_INFORMATION_FORMAT = dwarf;
				ENABLE_STRICT_OBJC_MSGSEND = YES;
				ENABLE_TESTABILITY = YES;
				GCC_C_LANGUAGE_STANDARD = gnu11;
				GCC_DYNAMIC_NO_PIC = NO;
				GCC_NO_COMMON_BLOCKS = YES;
				GCC_OPTIMIZATION_LEVEL = 0;
				GCC_PREPROCESSOR_DEFINITIONS = (
					"DEBUG=1",
					"$(inherited)",
				);
				GCC_WARN_64_TO_32_BIT_CONVERSION = YES;
				GCC_WARN_ABOUT_RETURN_TYPE = YES_ERROR;
				GCC_WARN_UNDECLARED_SELECTOR = YES;
				GCC_WARN_UNINITIALIZED_AUTOS = YES_AGGRESSIVE;
				GCC_WARN_UNUSED_FUNCTION = YES;
				GCC_WARN_UNUSED_VARIABLE = YES;
				IPHONEOS_DEPLOYMENT_TARGET = 12.2;
				MTL_ENABLE_DEBUG_INFO = INCLUDE_SOURCE;
				MTL_FAST_MATH = YES;
				ONLY_ACTIVE_ARCH = YES;
				SDKROOT = iphoneos;
				SWIFT_ACTIVE_COMPILATION_CONDITIONS = DEBUG;
				SWIFT_OPTIMIZATION_LEVEL = "-Onone";
			};
			name = Debug;
		};
		E6F289AC230B878700784315 /* Release */ = {
			isa = XCBuildConfiguration;
			buildSettings = {
				ALWAYS_SEARCH_USER_PATHS = NO;
				CLANG_ANALYZER_NONNULL = YES;
				CLANG_ANALYZER_NUMBER_OBJECT_CONVERSION = YES_AGGRESSIVE;
				CLANG_CXX_LANGUAGE_STANDARD = "gnu++14";
				CLANG_CXX_LIBRARY = "libc++";
				CLANG_ENABLE_MODULES = YES;
				CLANG_ENABLE_OBJC_ARC = YES;
				CLANG_ENABLE_OBJC_WEAK = YES;
				CLANG_WARN_BLOCK_CAPTURE_AUTORELEASING = YES;
				CLANG_WARN_BOOL_CONVERSION = YES;
				CLANG_WARN_COMMA = YES;
				CLANG_WARN_CONSTANT_CONVERSION = YES;
				CLANG_WARN_DEPRECATED_OBJC_IMPLEMENTATIONS = YES;
				CLANG_WARN_DIRECT_OBJC_ISA_USAGE = YES_ERROR;
				CLANG_WARN_DOCUMENTATION_COMMENTS = YES;
				CLANG_WARN_EMPTY_BODY = YES;
				CLANG_WARN_ENUM_CONVERSION = YES;
				CLANG_WARN_INFINITE_RECURSION = YES;
				CLANG_WARN_INT_CONVERSION = YES;
				CLANG_WARN_NON_LITERAL_NULL_CONVERSION = YES;
				CLANG_WARN_OBJC_IMPLICIT_RETAIN_SELF = YES;
				CLANG_WARN_OBJC_LITERAL_CONVERSION = YES;
				CLANG_WARN_OBJC_ROOT_CLASS = YES_ERROR;
				CLANG_WARN_RANGE_LOOP_ANALYSIS = YES;
				CLANG_WARN_STRICT_PROTOTYPES = YES;
				CLANG_WARN_SUSPICIOUS_MOVE = YES;
				CLANG_WARN_UNGUARDED_AVAILABILITY = YES_AGGRESSIVE;
				CLANG_WARN_UNREACHABLE_CODE = YES;
				CLANG_WARN__DUPLICATE_METHOD_MATCH = YES;
				CODE_SIGN_IDENTITY = "iPhone Developer";
				COPY_PHASE_STRIP = NO;
				DEBUG_INFORMATION_FORMAT = "dwarf-with-dsym";
				ENABLE_NS_ASSERTIONS = NO;
				ENABLE_STRICT_OBJC_MSGSEND = YES;
				GCC_C_LANGUAGE_STANDARD = gnu11;
				GCC_NO_COMMON_BLOCKS = YES;
				GCC_WARN_64_TO_32_BIT_CONVERSION = YES;
				GCC_WARN_ABOUT_RETURN_TYPE = YES_ERROR;
				GCC_WARN_UNDECLARED_SELECTOR = YES;
				GCC_WARN_UNINITIALIZED_AUTOS = YES_AGGRESSIVE;
				GCC_WARN_UNUSED_FUNCTION = YES;
				GCC_WARN_UNUSED_VARIABLE = YES;
				IPHONEOS_DEPLOYMENT_TARGET = 12.2;
				MTL_ENABLE_DEBUG_INFO = NO;
				MTL_FAST_MATH = YES;
				SDKROOT = iphoneos;
				SWIFT_COMPILATION_MODE = wholemodule;
				SWIFT_OPTIMIZATION_LEVEL = "-O";
				VALIDATE_PRODUCT = YES;
			};
			name = Release;
		};
		E6F289AE230B878700784315 /* Debug */ = {
			isa = XCBuildConfiguration;
			buildSettings = {
				ASSETCATALOG_COMPILER_APPICON_NAME = AppIcon;
				CODE_SIGN_STYLE = Automatic;
				DEVELOPMENT_TEAM = 799HWA5Y74;
				INFOPLIST_FILE = doggo/Info.plist;
				LD_RUNPATH_SEARCH_PATHS = (
					"$(inherited)",
					"@executable_path/Frameworks",
				);
				PRODUCT_BUNDLE_IDENTIFIER = com.agnes.doggo;
				PRODUCT_NAME = "$(TARGET_NAME)";
				SWIFT_VERSION = 5.0;
				TARGETED_DEVICE_FAMILY = "1,2";
			};
			name = Debug;
		};
		E6F289AF230B878700784315 /* Release */ = {
			isa = XCBuildConfiguration;
			buildSettings = {
				ASSETCATALOG_COMPILER_APPICON_NAME = AppIcon;
				CODE_SIGN_STYLE = Automatic;
				DEVELOPMENT_TEAM = 799HWA5Y74;
				INFOPLIST_FILE = doggo/Info.plist;
				LD_RUNPATH_SEARCH_PATHS = (
					"$(inherited)",
					"@executable_path/Frameworks",
				);
				PRODUCT_BUNDLE_IDENTIFIER = com.agnes.doggo;
				PRODUCT_NAME = "$(TARGET_NAME)";
				SWIFT_VERSION = 5.0;
				TARGETED_DEVICE_FAMILY = "1,2";
			};
			name = Release;
		};
/* End XCBuildConfiguration section */

/* Begin XCConfigurationList section */
		E6F28993230B878600784315 /* Build configuration list for PBXProject "doggo" */ = {
			isa = XCConfigurationList;
			buildConfigurations = (
				E6F289AB230B878700784315 /* Debug */,
				E6F289AC230B878700784315 /* Release */,
			);
			defaultConfigurationIsVisible = 0;
			defaultConfigurationName = Release;
		};
		E6F289AD230B878700784315 /* Build configuration list for PBXNativeTarget "doggo" */ = {
			isa = XCConfigurationList;
			buildConfigurations = (
				E6F289AE230B878700784315 /* Debug */,
				E6F289AF230B878700784315 /* Release */,
			);
			defaultConfigurationIsVisible = 0;
			defaultConfigurationName = Release;
		};
/* End XCConfigurationList section */

/* Begin XCVersionGroup section */
		E6F289A2230B878600784315 /* doggo.xcdatamodeld */ = {
			isa = XCVersionGroup;
			children = (
				E6F289A3230B878600784315 /* doggo.xcdatamodel */,
			);
			currentVersion = E6F289A3230B878600784315 /* doggo.xcdatamodel */;
			path = doggo.xcdatamodeld;
			sourceTree = "<group>";
			versionGroupType = wrapper.xcdatamodel;
		};
/* End XCVersionGroup section */
	};
	rootObject = E6F28990230B878600784315 /* Project object */;
}
